
Microsoft Visual Studio Solution File, Format Version 12.00
# Visual Studio Version 16
VisualStudioVersion = 16.0.31112.23
MinimumVisualStudioVersion = 10.0.40219.1
Project("{FAE04EC0-301F-11D3-BF4B-00C04F79EFBC}") = "SOAP_MNB", "SOAP_MNB.csproj", "{57C4DF97-5135-4DA0-9690-C3556D3ED7BB}"
EndProject
Global
	GlobalSection(SolutionConfigurationPlatforms) = preSolution
		Debug|Any CPU = Debug|Any CPU
		Release|Any CPU = Release|Any CPU
	EndGlobalSection
	GlobalSection(ProjectConfigurationPlatforms) = postSolution
		{57C4DF97-5135-4DA0-9690-C3556D3ED7BB}.Debug|Any CPU.ActiveCfg = Debug|Any CPU
		{57C4DF97-5135-4DA0-9690-C3556D3ED7BB}.Debug|Any CPU.Build.0 = Debug|Any CPU
		{57C4DF97-5135-4DA0-9690-C3556D3ED7BB}.Release|Any CPU.ActiveCfg = Release|Any CPU
		{57C4DF97-5135-4DA0-9690-C3556D3ED7BB}.Release|Any CPU.Build.0 = Release|Any CPU
	EndGlobalSection
	GlobalSection(SolutionProperties) = preSolution
		HideSolutionNode = FALSE
	EndGlobalSection
	GlobalSection(ExtensibilityGlobals) = postSolution
		SolutionGuid = {54D8B185-2F66-46E4-83F4-81CFCBFA4076}
	EndGlobalSection
EndGlobal
