
Microsoft Visual Studio Solution File, Format Version 12.00
# Visual Studio Version 16
VisualStudioVersion = 16.0.31112.23
MinimumVisualStudioVersion = 10.0.40219.1
Project("{FAE04EC0-301F-11D3-BF4B-00C04F79EFBC}") = "SQL_Flat", "SQL_Flat.csproj", "{0E2BE5F5-4117-4B82-B64D-246367810947}"
EndProject
Global
	GlobalSection(SolutionConfigurationPlatforms) = preSolution
		Debug|Any CPU = Debug|Any CPU
		Release|Any CPU = Release|Any CPU
	EndGlobalSection
	GlobalSection(ProjectConfigurationPlatforms) = postSolution
		{0E2BE5F5-4117-4B82-B64D-246367810947}.Debug|Any CPU.ActiveCfg = Debug|Any CPU
		{0E2BE5F5-4117-4B82-B64D-246367810947}.Debug|Any CPU.Build.0 = Debug|Any CPU
		{0E2BE5F5-4117-4B82-B64D-246367810947}.Release|Any CPU.ActiveCfg = Release|Any CPU
		{0E2BE5F5-4117-4B82-B64D-246367810947}.Release|Any CPU.Build.0 = Release|Any CPU
	EndGlobalSection
	GlobalSection(SolutionProperties) = preSolution
		HideSolutionNode = FALSE
	EndGlobalSection
	GlobalSection(ExtensibilityGlobals) = postSolution
		SolutionGuid = {844B4652-7550-4835-BB7A-FCCD5D1F3F78}
	EndGlobalSection
EndGlobal
